{
    "version": 3,
    "terraform_version": "0.11.10",
    "serial": 24,
    "lineage": "63f8f5e0-ee21-f134-061e-76b9deb88b44",
    "modules": [
        {
            "path": [
                "root"
            ],
            "outputs": {
                "flask-app-prod-elb_elb_dns": {
                    "sensitive": false,
                    "type": "string",
                    "value": "flask-app-prod-elb-1747256652.us-east-1.elb.amazonaws.com"
                },
                "flask-app_ip": {
                    "sensitive": false,
                    "type": "string",
                    "value": "18.212.61.186"
                }
            },
            "resources": {
                "aws_autoscaling_group.flask-app-prod-asg": {
                    "type": "aws_autoscaling_group",
                    "depends_on": [
                        "aws_elb.flask-app-prod-elb",
                        "aws_launch_configuration.flask-app-prod-launch-config"
                    ],
                    "primary": {
                        "id": "tf-asg-20190225183203680500000002",
                        "attributes": {
                            "arn": "arn:aws:autoscaling:us-east-1:205975489682:autoScalingGroup:c54060eb-a7d7-4b2e-9f44-107a62221e68:autoScalingGroupName/tf-asg-20190225183203680500000002",
                            "availability_zones.#": "3",
                            "availability_zones.1305112097": "us-east-1b",
                            "availability_zones.3569565595": "us-east-1a",
                            "availability_zones.986537655": "us-east-1c",
                            "default_cooldown": "300",
                            "desired_capacity": "3",
                            "enabled_metrics.#": "0",
                            "force_delete": "false",
                            "health_check_grace_period": "300",
                            "health_check_type": "ELB",
                            "id": "tf-asg-20190225183203680500000002",
                            "launch_configuration": "terraform-20190225183201175100000001",
                            "launch_template.#": "0",
                            "load_balancers.#": "1",
                            "load_balancers.600523732": "flask-app-prod-elb",
                            "max_size": "10",
                            "metrics_granularity": "1Minute",
                            "min_size": "2",
                            "mixed_instances_policy.#": "0",
                            "name": "tf-asg-20190225183203680500000002",
                            "placement_group": "",
                            "protect_from_scale_in": "false",
                            "service_linked_role_arn": "arn:aws:iam::205975489682:role/aws-service-role/autoscaling.amazonaws.com/AWSServiceRoleForAutoScaling",
                            "suspended_processes.#": "0",
                            "tag.#": "0",
                            "target_group_arns.#": "0",
                            "termination_policies.#": "0",
                            "vpc_zone_identifier.#": "0",
                            "wait_for_capacity_timeout": "10m"
                        },
                        "meta": {
                            "e2bfb730-ecaa-11e6-8f88-34363bc7c4c0": {
                                "delete": 600000000000
                            }
                        },
                        "tainted": false
                    },
                    "deposed": [],
                    "provider": "provider.aws"
                },
                "aws_elb.flask-app-prod-elb": {
                    "type": "aws_elb",
                    "depends_on": [
                        "aws_security_group.Auto"
                    ],
                    "primary": {
                        "id": "flask-app-prod-elb",
                        "attributes": {
                            "access_logs.#": "0",
                            "arn": "arn:aws:elasticloadbalancing:us-east-1:205975489682:loadbalancer/flask-app-prod-elb",
                            "availability_zones.#": "3",
                            "availability_zones.1305112097": "us-east-1b",
                            "availability_zones.3569565595": "us-east-1a",
                            "availability_zones.986537655": "us-east-1c",
                            "connection_draining": "false",
                            "connection_draining_timeout": "300",
                            "cross_zone_load_balancing": "true",
                            "dns_name": "flask-app-prod-elb-1747256652.us-east-1.elb.amazonaws.com",
                            "health_check.#": "1",
                            "health_check.0.healthy_threshold": "2",
                            "health_check.0.interval": "60",
                            "health_check.0.target": "HTTP:80/",
                            "health_check.0.timeout": "10",
                            "health_check.0.unhealthy_threshold": "10",
                            "id": "flask-app-prod-elb",
                            "idle_timeout": "60",
                            "instances.#": "0",
                            "internal": "false",
                            "listener.#": "1",
                            "listener.3057123346.instance_port": "80",
                            "listener.3057123346.instance_protocol": "http",
                            "listener.3057123346.lb_port": "80",
                            "listener.3057123346.lb_protocol": "http",
                            "listener.3057123346.ssl_certificate_id": "",
                            "name": "flask-app-prod-elb",
                            "security_groups.#": "1",
                            "security_groups.964477757": "sg-0ff0c5d43c9dc5c33",
                            "source_security_group": "205975489682/Auto",
                            "source_security_group_id": "sg-0ff0c5d43c9dc5c33",
                            "subnets.#": "3",
                            "subnets.1382428181": "subnet-0829f38683682798b",
                            "subnets.3651762698": "subnet-04c30fc152a3b9087",
                            "subnets.4238467958": "subnet-0a367f9d96971cf2e",
                            "tags.%": "0",
                            "zone_id": "Z35SXDOTRQ7X7K"
                        },
                        "meta": {},
                        "tainted": false
                    },
                    "deposed": [],
                    "provider": "provider.aws"
                },
                "aws_instance.flask-app": {
                    "type": "aws_instance",
                    "depends_on": [
                        "aws_security_group.Auto"
                    ],
                    "primary": {
                        "id": "i-0ebc213b6e7e339bb",
                        "attributes": {
                            "ami": "ami-0ac019f4fcb7cb7e6",
                            "arn": "arn:aws:ec2:us-east-1:205975489682:instance/i-0ebc213b6e7e339bb",
                            "associate_public_ip_address": "true",
                            "availability_zone": "us-east-1a",
                            "cpu_core_count": "2",
                            "cpu_threads_per_core": "1",
                            "credit_specification.#": "1",
                            "credit_specification.0.cpu_credits": "standard",
                            "disable_api_termination": "false",
                            "ebs_block_device.#": "0",
                            "ebs_optimized": "false",
                            "ephemeral_block_device.#": "0",
                            "get_password_data": "false",
                            "iam_instance_profile": "",
                            "id": "i-0ebc213b6e7e339bb",
                            "instance_state": "running",
                            "instance_type": "t2.medium",
                            "ipv6_addresses.#": "0",
                            "key_name": "iac-cm-key",
                            "monitoring": "false",
                            "network_interface.#": "0",
                            "network_interface_id": "eni-06ccdfc67a2a4834a",
                            "password_data": "",
                            "placement_group": "",
                            "primary_network_interface_id": "eni-06ccdfc67a2a4834a",
                            "private_dns": "ip-172-31-97-19.ec2.internal",
                            "private_ip": "172.31.97.19",
                            "public_dns": "ec2-18-212-61-186.compute-1.amazonaws.com",
                            "public_ip": "18.212.61.186",
                            "root_block_device.#": "1",
                            "root_block_device.0.delete_on_termination": "true",
                            "root_block_device.0.iops": "100",
                            "root_block_device.0.volume_id": "vol-0034c30e14b38f889",
                            "root_block_device.0.volume_size": "8",
                            "root_block_device.0.volume_type": "gp2",
                            "security_groups.#": "1",
                            "security_groups.3330837188": "Auto",
                            "source_dest_check": "true",
                            "subnet_id": "subnet-04c30fc152a3b9087",
                            "tags.%": "1",
                            "tags.Name": "flask-app",
                            "tenancy": "default",
                            "volume_tags.%": "0",
                            "vpc_security_group_ids.#": "1",
                            "vpc_security_group_ids.964477757": "sg-0ff0c5d43c9dc5c33"
                        },
                        "meta": {
                            "e2bfb730-ecaa-11e6-8f88-34363bc7c4c0": {
                                "create": 600000000000,
                                "delete": 1200000000000,
                                "update": 600000000000
                            },
                            "schema_version": "1"
                        },
                        "tainted": false
                    },
                    "deposed": [],
                    "provider": "provider.aws"
                },
                "aws_launch_configuration.flask-app-prod-launch-config": {
                    "type": "aws_launch_configuration",
                    "depends_on": [
                        "aws_security_group.Auto"
                    ],
                    "primary": {
                        "id": "terraform-20190225183201175100000001",
                        "attributes": {
                            "associate_public_ip_address": "false",
                            "ebs_block_device.#": "0",
                            "ebs_optimized": "false",
                            "enable_monitoring": "true",
                            "ephemeral_block_device.#": "0",
                            "iam_instance_profile": "",
                            "id": "terraform-20190225183201175100000001",
                            "image_id": "ami-0651b732ffc456ddb",
                            "instance_type": "t2.micro",
                            "key_name": "iac-cm-key",
                            "name": "terraform-20190225183201175100000001",
                            "root_block_device.#": "0",
                            "security_groups.#": "1",
                            "security_groups.964477757": "sg-0ff0c5d43c9dc5c33",
                            "spot_price": "",
                            "user_data": "e30c897d1b8358e0df5a56b763b945dbaa08da8f",
                            "vpc_classic_link_id": "",
                            "vpc_classic_link_security_groups.#": "0"
                        },
                        "meta": {},
                        "tainted": false
                    },
                    "deposed": [],
                    "provider": "provider.aws"
                },
                "aws_security_group.Auto": {
                    "type": "aws_security_group",
                    "depends_on": [],
                    "primary": {
                        "id": "sg-0ff0c5d43c9dc5c33",
                        "attributes": {
                            "arn": "arn:aws:ec2:us-east-1:205975489682:security-group/sg-0ff0c5d43c9dc5c33",
                            "description": "Managed by Terraform",
                            "egress.#": "1",
                            "egress.482069346.cidr_blocks.#": "1",
                            "egress.482069346.cidr_blocks.0": "0.0.0.0/0",
                            "egress.482069346.description": "",
                            "egress.482069346.from_port": "0",
                            "egress.482069346.ipv6_cidr_blocks.#": "0",
                            "egress.482069346.prefix_list_ids.#": "0",
                            "egress.482069346.protocol": "-1",
                            "egress.482069346.security_groups.#": "0",
                            "egress.482069346.self": "false",
                            "egress.482069346.to_port": "0",
                            "id": "sg-0ff0c5d43c9dc5c33",
                            "ingress.#": "2",
                            "ingress.2214680975.cidr_blocks.#": "1",
                            "ingress.2214680975.cidr_blocks.0": "0.0.0.0/0",
                            "ingress.2214680975.description": "",
                            "ingress.2214680975.from_port": "80",
                            "ingress.2214680975.ipv6_cidr_blocks.#": "0",
                            "ingress.2214680975.prefix_list_ids.#": "0",
                            "ingress.2214680975.protocol": "tcp",
                            "ingress.2214680975.security_groups.#": "0",
                            "ingress.2214680975.self": "false",
                            "ingress.2214680975.to_port": "80",
                            "ingress.2541437006.cidr_blocks.#": "1",
                            "ingress.2541437006.cidr_blocks.0": "0.0.0.0/0",
                            "ingress.2541437006.description": "",
                            "ingress.2541437006.from_port": "22",
                            "ingress.2541437006.ipv6_cidr_blocks.#": "0",
                            "ingress.2541437006.prefix_list_ids.#": "0",
                            "ingress.2541437006.protocol": "tcp",
                            "ingress.2541437006.security_groups.#": "0",
                            "ingress.2541437006.self": "false",
                            "ingress.2541437006.to_port": "22",
                            "name": "Auto",
                            "owner_id": "205975489682",
                            "revoke_rules_on_delete": "false",
                            "tags.%": "0",
                            "vpc_id": "vpc-b173c2cb"
                        },
                        "meta": {
                            "e2bfb730-ecaa-11e6-8f88-34363bc7c4c0": {
                                "create": 600000000000,
                                "delete": 600000000000
                            },
                            "schema_version": "1"
                        },
                        "tainted": false
                    },
                    "deposed": [],
                    "provider": "provider.aws"
                }
            },
            "depends_on": []
        }
    ]
}
